// !$*UTF8*$!
{
	archiveVersion = 1;
	classes = {
	};
	objectVersion = 50;
	objects = {

/* Begin PBXBuildFile section */
		F111A595229DB4C70026A486 /* Assets.xcassets in Resources */ = {isa = PBXBuildFile; fileRef = F111A594229DB4C70026A486 /* Assets.xcassets */; };
		F151A536229E30CE00DD694B /* Video.swift in Sources */ = {isa = PBXBuildFile; fileRef = F151A533229E30CD00DD694B /* Video.swift */; };
		F151A537229E30CE00DD694B /* VideoCell.swift in Sources */ = {isa = PBXBuildFile; fileRef = F151A534229E30CE00DD694B /* VideoCell.swift */; };
		F151A538229E30CE00DD694B /* VideoListScreen.swift in Sources */ = {isa = PBXBuildFile; fileRef = F151A535229E30CE00DD694B /* VideoListScreen.swift */; };
		F1931464229C5B27006EBD66 /* AppDelegate.swift in Sources */ = {isa = PBXBuildFile; fileRef = F1931463229C5B27006EBD66 /* AppDelegate.swift */; };
		F1931466229C5B27006EBD66 /* ViewController.swift in Sources */ = {isa = PBXBuildFile; fileRef = F1931465229C5B27006EBD66 /* ViewController.swift */; };
		F1931469229C5B27006EBD66 /* Main.storyboard in Resources */ = {isa = PBXBuildFile; fileRef = F1931467229C5B27006EBD66 /* Main.storyboard */; };
		F193146E229C5B28006EBD66 /* LaunchScreen.storyboard in Resources */ = {isa = PBXBuildFile; fileRef = F193146C229C5B28006EBD66 /* LaunchScreen.storyboard */; };
		F1931479229C5B28006EBD66 /* DicereTests.swift in Sources */ = {isa = PBXBuildFile; fileRef = F1931478229C5B28006EBD66 /* DicereTests.swift */; };
		F1931484229C5B28006EBD66 /* DicereUITests.swift in Sources */ = {isa = PBXBuildFile; fileRef = F1931483229C5B28006EBD66 /* DicereUITests.swift */; };
/* End PBXBuildFile section */

/* Begin PBXContainerItemProxy section */
		F1931475229C5B28006EBD66 /* PBXContainerItemProxy */ = {
			isa = PBXContainerItemProxy;
			containerPortal = F1931458229C5B26006EBD66 /* Project object */;
			proxyType = 1;
			remoteGlobalIDString = F193145F229C5B26006EBD66;
			remoteInfo = Dicere;
		};
		F1931480229C5B28006EBD66 /* PBXContainerItemProxy */ = {
			isa = PBXContainerItemProxy;
			containerPortal = F1931458229C5B26006EBD66 /* Project object */;
			proxyType = 1;
			remoteGlobalIDString = F193145F229C5B26006EBD66;
			remoteInfo = Dicere;
		};
/* End PBXContainerItemProxy section */

/* Begin PBXFileReference section */
		F111A594229DB4C70026A486 /* Assets.xcassets */ = {isa = PBXFileReference; lastKnownFileType = folder.assetcatalog; path = Assets.xcassets; sourceTree = "<group>"; };
		F151A533229E30CD00DD694B /* Video.swift */ = {isa = PBXFileReference; fileEncoding = 4; lastKnownFileType = sourcecode.swift; name = Video.swift; path = "../../../../Downloads/ComputoMovil2019-2-master/parcialDos/segundoParcial/segundoParcial/Video.swift"; sourceTree = "<group>"; };
		F151A534229E30CE00DD694B /* VideoCell.swift */ = {isa = PBXFileReference; fileEncoding = 4; lastKnownFileType = sourcecode.swift; name = VideoCell.swift; path = "../../../../Downloads/ComputoMovil2019-2-master/parcialDos/segundoParcial/segundoParcial/VideoCell.swift"; sourceTree = "<group>"; };
		F151A535229E30CE00DD694B /* VideoListScreen.swift */ = {isa = PBXFileReference; fileEncoding = 4; lastKnownFileType = sourcecode.swift; name = VideoListScreen.swift; path = "../../../../Downloads/ComputoMovil2019-2-master/parcialDos/segundoParcial/segundoParcial/VideoListScreen.swift"; sourceTree = "<group>"; };
		F1931460229C5B27006EBD66 /* Dicere.app */ = {isa = PBXFileReference; explicitFileType = wrapper.application; includeInIndex = 0; path = Dicere.app; sourceTree = BUILT_PRODUCTS_DIR; };
		F1931463229C5B27006EBD66 /* AppDelegate.swift */ = {isa = PBXFileReference; lastKnownFileType = sourcecode.swift; path = AppDelegate.swift; sourceTree = "<group>"; };
		F1931465229C5B27006EBD66 /* ViewController.swift */ = {isa = PBXFileReference; lastKnownFileType = sourcecode.swift; path = ViewController.swift; sourceTree = "<group>"; };
		F1931468229C5B27006EBD66 /* Base */ = {isa = PBXFileReference; lastKnownFileType = file.storyboard; name = Base; path = Base.lproj/Main.storyboard; sourceTree = "<group>"; };
		F193146D229C5B28006EBD66 /* Base */ = {isa = PBXFileReference; lastKnownFileType = file.storyboard; name = Base; path = Base.lproj/LaunchScreen.storyboard; sourceTree = "<group>"; };
		F193146F229C5B28006EBD66 /* Info.plist */ = {isa = PBXFileReference; lastKnownFileType = text.plist.xml; path = Info.plist; sourceTree = "<group>"; };
		F1931474229C5B28006EBD66 /* DicereTests.xctest */ = {isa = PBXFileReference; explicitFileType = wrapper.cfbundle; includeInIndex = 0; path = DicereTests.xctest; sourceTree = BUILT_PRODUCTS_DIR; };
		F1931478229C5B28006EBD66 /* DicereTests.swift */ = {isa = PBXFileReference; lastKnownFileType = sourcecode.swift; path = DicereTests.swift; sourceTree = "<group>"; };
		F193147A229C5B28006EBD66 /* Info.plist */ = {isa = PBXFileReference; lastKnownFileType = text.plist.xml; path = Info.plist; sourceTree = "<group>"; };
		F193147F229C5B28006EBD66 /* DicereUITests.xctest */ = {isa = PBXFileReference; explicitFileType = wrapper.cfbundle; includeInIndex = 0; path = DicereUITests.xctest; sourceTree = BUILT_PRODUCTS_DIR; };
		F1931483229C5B28006EBD66 /* DicereUITests.swift */ = {isa = PBXFileReference; lastKnownFileType = sourcecode.swift; path = DicereUITests.swift; sourceTree = "<group>"; };
		F1931485229C5B28006EBD66 /* Info.plist */ = {isa = PBXFileReference; lastKnownFileType = text.plist.xml; path = Info.plist; sourceTree = "<group>"; };
/* End PBXFileReference section */

/* Begin PBXFrameworksBuildPhase section */
		F193145D229C5B26006EBD66 /* Frameworks */ = {
			isa = PBXFrameworksBuildPhase;
			buildActionMask = 2147483647;
			files = (
			);
			runOnlyForDeploymentPostprocessing = 0;
		};
		F1931471229C5B28006EBD66 /* Frameworks */ = {
			isa = PBXFrameworksBuildPhase;
			buildActionMask = 2147483647;
			files = (
			);
			runOnlyForDeploymentPostprocessing = 0;
		};
		F193147C229C5B28006EBD66 /* Frameworks */ = {
			isa = PBXFrameworksBuildPhase;
			buildActionMask = 2147483647;
			files = (
			);
			runOnlyForDeploymentPostprocessing = 0;
		};
/* End PBXFrameworksBuildPhase section */

/* Begin PBXGroup section */
		F1931457229C5B26006EBD66 = {
			isa = PBXGroup;
			children = (
				F1931462229C5B27006EBD66 /* Dicere */,
				F1931477229C5B28006EBD66 /* DicereTests */,
				F1931482229C5B28006EBD66 /* DicereUITests */,
				F1931461229C5B27006EBD66 /* Products */,
				F111A594229DB4C70026A486 /* Assets.xcassets */,
			);
			sourceTree = "<group>";
		};
		F1931461229C5B27006EBD66 /* Products */ = {
			isa = PBXGroup;
			children = (
				F1931460229C5B27006EBD66 /* Dicere.app */,
				F1931474229C5B28006EBD66 /* DicereTests.xctest */,
				F193147F229C5B28006EBD66 /* DicereUITests.xctest */,
			);
			name = Products;
			sourceTree = "<group>";
		};
		F1931462229C5B27006EBD66 /* Dicere */ = {
			isa = PBXGroup;
			children = (
				F151A533229E30CD00DD694B /* Video.swift */,
				F151A534229E30CE00DD694B /* VideoCell.swift */,
				F151A535229E30CE00DD694B /* VideoListScreen.swift */,
				F1931463229C5B27006EBD66 /* AppDelegate.swift */,
				F1931465229C5B27006EBD66 /* ViewController.swift */,
				F1931467229C5B27006EBD66 /* Main.storyboard */,
				F193146C229C5B28006EBD66 /* LaunchScreen.storyboard */,
				F193146F229C5B28006EBD66 /* Info.plist */,
			);
			path = Dicere;
			sourceTree = "<group>";
		};
		F1931477229C5B28006EBD66 /* DicereTests */ = {
			isa = PBXGroup;
			children = (
				F1931478229C5B28006EBD66 /* DicereTests.swift */,
				F193147A229C5B28006EBD66 /* Info.plist */,
			);
			path = DicereTests;
			sourceTree = "<group>";
		};
		F1931482229C5B28006EBD66 /* DicereUITests */ = {
			isa = PBXGroup;
			children = (
				F1931483229C5B28006EBD66 /* DicereUITests.swift */,
				F1931485229C5B28006EBD66 /* Info.plist */,
			);
			path = DicereUITests;
			sourceTree = "<group>";
		};
/* End PBXGroup section */

/* Begin PBXNativeTarget section */
		F193145F229C5B26006EBD66 /* Dicere */ = {
			isa = PBXNativeTarget;
			buildConfigurationList = F1931488229C5B28006EBD66 /* Build configuration list for PBXNativeTarget "Dicere" */;
			buildPhases = (
				F193145C229C5B26006EBD66 /* Sources */,
				F193145D229C5B26006EBD66 /* Frameworks */,
				F193145E229C5B26006EBD66 /* Resources */,
			);
			buildRules = (
			);
			dependencies = (
			);
			name = Dicere;
			productName = Dicere;
			productReference = F1931460229C5B27006EBD66 /* Dicere.app */;
			productType = "com.apple.product-type.application";
		};
		F1931473229C5B28006EBD66 /* DicereTests */ = {
			isa = PBXNativeTarget;
			buildConfigurationList = F193148B229C5B28006EBD66 /* Build configuration list for PBXNativeTarget "DicereTests" */;
			buildPhases = (
				F1931470229C5B28006EBD66 /* Sources */,
				F1931471229C5B28006EBD66 /* Frameworks */,
				F1931472229C5B28006EBD66 /* Resources */,
			);
			buildRules = (
			);
			dependencies = (
				F1931476229C5B28006EBD66 /* PBXTargetDependency */,
			);
			name = DicereTests;
			productName = DicereTests;
			productReference = F1931474229C5B28006EBD66 /* DicereTests.xctest */;
			productType = "com.apple.product-type.bundle.unit-test";
		};
		F193147E229C5B28006EBD66 /* DicereUITests */ = {
			isa = PBXNativeTarget;
			buildConfigurationList = F193148E229C5B28006EBD66 /* Build configuration list for PBXNativeTarget "DicereUITests" */;
			buildPhases = (
				F193147B229C5B28006EBD66 /* Sources */,
				F193147C229C5B28006EBD66 /* Frameworks */,
				F193147D229C5B28006EBD66 /* Resources */,
			);
			buildRules = (
			);
			dependencies = (
				F1931481229C5B28006EBD66 /* PBXTargetDependency */,
			);
			name = DicereUITests;
			productName = DicereUITests;
			productReference = F193147F229C5B28006EBD66 /* DicereUITests.xctest */;
			productType = "com.apple.product-type.bundle.ui-testing";
		};
/* End PBXNativeTarget section */

/* Begin PBXProject section */
		F1931458229C5B26006EBD66 /* Project object */ = {
			isa = PBXProject;
			attributes = {
				LastSwiftUpdateCheck = 1020;
				LastUpgradeCheck = 1020;
				ORGANIZATIONNAME = "Armando Isais Olguin Cabrera";
				TargetAttributes = {
					F193145F229C5B26006EBD66 = {
						CreatedOnToolsVersion = 10.2.1;
					};
					F1931473229C5B28006EBD66 = {
						CreatedOnToolsVersion = 10.2.1;
						TestTargetID = F193145F229C5B26006EBD66;
					};
					F193147E229C5B28006EBD66 = {
						CreatedOnToolsVersion = 10.2.1;
						TestTargetID = F193145F229C5B26006EBD66;
					};
				};
			};
			buildConfigurationList = F193145B229C5B26006EBD66 /* Build configuration list for PBXProject "Dicere" */;
			compatibilityVersion = "Xcode 9.3";
			developmentRegion = en;
			hasScannedForEncodings = 0;
			knownRegions = (
				en,
				Base,
			);
			mainGroup = F1931457229C5B26006EBD66;
			productRefGroup = F1931461229C5B27006EBD66 /* Products */;
			projectDirPath = "";
			projectRoot = "";
			targets = (
				F193145F229C5B26006EBD66 /* Dicere */,
				F1931473229C5B28006EBD66 /* DicereTests */,
				F193147E229C5B28006EBD66 /* DicereUITests */,
			);
		};
/* End PBXProject section */

/* Begin PBXResourcesBuildPhase section */
		F193145E229C5B26006EBD66 /* Resources */ = {
			isa = PBXResourcesBuildPhase;
			buildActionMask = 2147483647;
			files = (
				F193146E229C5B28006EBD66 /* LaunchScreen.storyboard in Resources */,
				F111A595229DB4C70026A486 /* Assets.xcassets in Resources */,
				F1931469229C5B27006EBD66 /* Main.storyboard in Resources */,
			);
			runOnlyForDeploymentPostprocessing = 0;
		};
		F1931472229C5B28006EBD66 /* Resources */ = {
			isa = PBXResourcesBuildPhase;
			buildActionMask = 2147483647;
			files = (
			);
			runOnlyForDeploymentPostprocessing = 0;
		};
		F193147D229C5B28006EBD66 /* Resources */ = {
			isa = PBXResourcesBuildPhase;
			buildActionMask = 2147483647;
			files = (
			);
			runOnlyForDeploymentPostprocessing = 0;
		};
/* End PBXResourcesBuildPhase section */

/* Begin PBXSourcesBuildPhase section */
		F193145C229C5B26006EBD66 /* Sources */ = {
			isa = PBXSourcesBuildPhase;
			buildActionMask = 2147483647;
			files = (
				F151A538229E30CE00DD694B /* VideoListScreen.swift in Sources */,
				F1931466229C5B27006EBD66 /* ViewController.swift in Sources */,
				F151A537229E30CE00DD694B /* VideoCell.swift in Sources */,
				F151A536229E30CE00DD694B /* Video.swift in Sources */,
				F1931464229C5B27006EBD66 /* AppDelegate.swift in Sources */,
			);
			runOnlyForDeploymentPostprocessing = 0;
		};
		F1931470229C5B28006EBD66 /* Sources */ = {
			isa = PBXSourcesBuildPhase;
			buildActionMask = 2147483647;
			files = (
				F1931479229C5B28006EBD66 /* DicereTests.swift in Sources */,
			);
			runOnlyForDeploymentPostprocessing = 0;
		};
		F193147B229C5B28006EBD66 /* Sources */ = {
			isa = PBXSourcesBuildPhase;
			buildActionMask = 2147483647;
			files = (
				F1931484229C5B28006EBD66 /* DicereUITests.swift in Sources */,
			);
			runOnlyForDeploymentPostprocessing = 0;
		};
/* End PBXSourcesBuildPhase section */

/* Begin PBXTargetDependency section */
		F1931476229C5B28006EBD66 /* PBXTargetDependency */ = {
			isa = PBXTargetDependency;
			target = F193145F229C5B26006EBD66 /* Dicere */;
			targetProxy = F1931475229C5B28006EBD66 /* PBXContainerItemProxy */;
		};
		F1931481229C5B28006EBD66 /* PBXTargetDependency */ = {
			isa = PBXTargetDependency;
			target = F193145F229C5B26006EBD66 /* Dicere */;
			targetProxy = F1931480229C5B28006EBD66 /* PBXContainerItemProxy */;
		};
/* End PBXTargetDependency section */

/* Begin PBXVariantGroup section */
		F1931467229C5B27006EBD66 /* Main.storyboard */ = {
			isa = PBXVariantGroup;
			children = (
				F1931468229C5B27006EBD66 /* Base */,
			);
			name = Main.storyboard;
			sourceTree = "<group>";
		};
		F193146C229C5B28006EBD66 /* LaunchScreen.storyboard */ = {
			isa = PBXVariantGroup;
			children = (
				F193146D229C5B28006EBD66 /* Base */,
			);
			name = LaunchScreen.storyboard;
			sourceTree = "<group>";
		};
/* End PBXVariantGroup section */

/* Begin XCBuildConfiguration section */
		F1931486229C5B28006EBD66 /* Debug */ = {
			isa = XCBuildConfiguration;
			buildSettings = {
				ALWAYS_SEARCH_USER_PATHS = NO;
				CLANG_ANALYZER_NONNULL = YES;
				CLANG_ANALYZER_NUMBER_OBJECT_CONVERSION = YES_AGGRESSIVE;
				CLANG_CXX_LANGUAGE_STANDARD = "gnu++14";
				CLANG_CXX_LIBRARY = "libc++";
				CLANG_ENABLE_MODULES = YES;
				CLANG_ENABLE_OBJC_ARC = YES;
				CLANG_ENABLE_OBJC_WEAK = YES;
				CLANG_WARN_BLOCK_CAPTURE_AUTORELEASING = YES;
				CLANG_WARN_BOOL_CONVERSION = YES;
				CLANG_WARN_COMMA = YES;
				CLANG_WARN_CONSTANT_CONVERSION = YES;
				CLANG_WARN_DEPRECATED_OBJC_IMPLEMENTATIONS = YES;
				CLANG_WARN_DIRECT_OBJC_ISA_USAGE = YES_ERROR;
				CLANG_WARN_DOCUMENTATION_COMMENTS = YES;
				CLANG_WARN_EMPTY_BODY = YES;
				CLANG_WARN_ENUM_CONVERSION = YES;
				CLANG_WARN_INFINITE_RECURSION = YES;
				CLANG_WARN_INT_CONVERSION = YES;
				CLANG_WARN_NON_LITERAL_NULL_CONVERSION = YES;
				CLANG_WARN_OBJC_IMPLICIT_RETAIN_SELF = YES;
				CLANG_WARN_OBJC_LITERAL_CONVERSION = YES;
				CLANG_WARN_OBJC_ROOT_CLASS = YES_ERROR;
				CLANG_WARN_RANGE_LOOP_ANALYSIS = YES;
				CLANG_WARN_STRICT_PROTOTYPES = YES;
				CLANG_WARN_SUSPICIOUS_MOVE = YES;
				CLANG_WARN_UNGUARDED_AVAILABILITY = YES_AGGRESSIVE;
				CLANG_WARN_UNREACHABLE_CODE = YES;
				CLANG_WARN__DUPLICATE_METHOD_MATCH = YES;
				CODE_SIGN_IDENTITY = "iPhone Developer";
				COPY_PHASE_STRIP = NO;
				DEBUG_INFORMATION_FORMAT = dwarf;
				ENABLE_STRICT_OBJC_MSGSEND = YES;
				ENABLE_TESTABILITY = YES;
				GCC_C_LANGUAGE_STANDARD = gnu11;
				GCC_DYNAMIC_NO_PIC = NO;
				GCC_NO_COMMON_BLOCKS = YES;
				GCC_OPTIMIZATION_LEVEL = 0;
				GCC_PREPROCESSOR_DEFINITIONS = (
					"DEBUG=1",
					"$(inherited)",
				);
				GCC_WARN_64_TO_32_BIT_CONVERSION = YES;
				GCC_WARN_ABOUT_RETURN_TYPE = YES_ERROR;
				GCC_WARN_UNDECLARED_SELECTOR = YES;
				GCC_WARN_UNINITIALIZED_AUTOS = YES_AGGRESSIVE;
				GCC_WARN_UNUSED_FUNCTION = YES;
				GCC_WARN_UNUSED_VARIABLE = YES;
				IPHONEOS_DEPLOYMENT_TARGET = 12.2;
				MTL_ENABLE_DEBUG_INFO = INCLUDE_SOURCE;
				MTL_FAST_MATH = YES;
				ONLY_ACTIVE_ARCH = YES;
				SDKROOT = iphoneos;
				SWIFT_ACTIVE_COMPILATION_CONDITIONS = DEBUG;
				SWIFT_OPTIMIZATION_LEVEL = "-Onone";
			};
			name = Debug;
		};
		F1931487229C5B28006EBD66 /* Release */ = {
			isa = XCBuildConfiguration;
			buildSettings = {
				ALWAYS_SEARCH_USER_PATHS = NO;
				CLANG_ANALYZER_NONNULL = YES;
				CLANG_ANALYZER_NUMBER_OBJECT_CONVERSION = YES_AGGRESSIVE;
				CLANG_CXX_LANGUAGE_STANDARD = "gnu++14";
				CLANG_CXX_LIBRARY = "libc++";
				CLANG_ENABLE_MODULES = YES;
				CLANG_ENABLE_OBJC_ARC = YES;
				CLANG_ENABLE_OBJC_WEAK = YES;
				CLANG_WARN_BLOCK_CAPTURE_AUTORELEASING = YES;
				CLANG_WARN_BOOL_CONVERSION = YES;
				CLANG_WARN_COMMA = YES;
				CLANG_WARN_CONSTANT_CONVERSION = YES;
				CLANG_WARN_DEPRECATED_OBJC_IMPLEMENTATIONS = YES;
				CLANG_WARN_DIRECT_OBJC_ISA_USAGE = YES_ERROR;
				CLANG_WARN_DOCUMENTATION_COMMENTS = YES;
				CLANG_WARN_EMPTY_BODY = YES;
				CLANG_WARN_ENUM_CONVERSION = YES;
				CLANG_WARN_INFINITE_RECURSION = YES;
				CLANG_WARN_INT_CONVERSION = YES;
				CLANG_WARN_NON_LITERAL_NULL_CONVERSION = YES;
				CLANG_WARN_OBJC_IMPLICIT_RETAIN_SELF = YES;
				CLANG_WARN_OBJC_LITERAL_CONVERSION = YES;
				CLANG_WARN_OBJC_ROOT_CLASS = YES_ERROR;
				CLANG_WARN_RANGE_LOOP_ANALYSIS = YES;
				CLANG_WARN_STRICT_PROTOTYPES = YES;
				CLANG_WARN_SUSPICIOUS_MOVE = YES;
				CLANG_WARN_UNGUARDED_AVAILABILITY = YES_AGGRESSIVE;
				CLANG_WARN_UNREACHABLE_CODE = YES;
				CLANG_WARN__DUPLICATE_METHOD_MATCH = YES;
				CODE_SIGN_IDENTITY = "iPhone Developer";
				COPY_PHASE_STRIP = NO;
				DEBUG_INFORMATION_FORMAT = "dwarf-with-dsym";
				ENABLE_NS_ASSERTIONS = NO;
				ENABLE_STRICT_OBJC_MSGSEND = YES;
				GCC_C_LANGUAGE_STANDARD = gnu11;
				GCC_NO_COMMON_BLOCKS = YES;
				GCC_WARN_64_TO_32_BIT_CONVERSION = YES;
				GCC_WARN_ABOUT_RETURN_TYPE = YES_ERROR;
				GCC_WARN_UNDECLARED_SELECTOR = YES;
				GCC_WARN_UNINITIALIZED_AUTOS = YES_AGGRESSIVE;
				GCC_WARN_UNUSED_FUNCTION = YES;
				GCC_WARN_UNUSED_VARIABLE = YES;
				IPHONEOS_DEPLOYMENT_TARGET = 12.2;
				MTL_ENABLE_DEBUG_INFO = NO;
				MTL_FAST_MATH = YES;
				SDKROOT = iphoneos;
				SWIFT_COMPILATION_MODE = wholemodule;
				SWIFT_OPTIMIZATION_LEVEL = "-O";
				VALIDATE_PRODUCT = YES;
			};
			name = Release;
		};
		F1931489229C5B28006EBD66 /* Debug */ = {
			isa = XCBuildConfiguration;
			buildSettings = {
				ASSETCATALOG_COMPILER_APPICON_NAME = AppIcon;
				CODE_SIGN_STYLE = Automatic;
				DEVELOPMENT_TEAM = U2456B5BFZ;
				INFOPLIST_FILE = Dicere/Info.plist;
				IPHONEOS_DEPLOYMENT_TARGET = 12.0;
				LD_RUNPATH_SEARCH_PATHS = (
					"$(inherited)",
					"@executable_path/Frameworks",
				);
				PRODUCT_BUNDLE_IDENTIFIER = com.FicticiaOfficiumtech.Dicere;
				PRODUCT_NAME = "$(TARGET_NAME)";
				SWIFT_VERSION = 5.0;
				TARGETED_DEVICE_FAMILY = "1,2";
			};
			name = Debug;
		};
		F193148A229C5B28006EBD66 /* Release */ = {
			isa = XCBuildConfiguration;
			buildSettings = {
				ASSETCATALOG_COMPILER_APPICON_NAME = AppIcon;
				CODE_SIGN_STYLE = Automatic;
				DEVELOPMENT_TEAM = U2456B5BFZ;
				INFOPLIST_FILE = Dicere/Info.plist;
				IPHONEOS_DEPLOYMENT_TARGET = 12.0;
				LD_RUNPATH_SEARCH_PATHS = (
					"$(inherited)",
					"@executable_path/Frameworks",
				);
				PRODUCT_BUNDLE_IDENTIFIER = com.FicticiaOfficiumtech.Dicere;
				PRODUCT_NAME = "$(TARGET_NAME)";
				SWIFT_VERSION = 5.0;
				TARGETED_DEVICE_FAMILY = "1,2";
			};
			name = Release;
		};
		F193148C229C5B28006EBD66 /* Debug */ = {
			isa = XCBuildConfiguration;
			buildSettings = {
				ALWAYS_EMBED_SWIFT_STANDARD_LIBRARIES = YES;
				BUNDLE_LOADER = "$(TEST_HOST)";
				CODE_SIGN_STYLE = Automatic;
				DEVELOPMENT_TEAM = U2456B5BFZ;
				INFOPLIST_FILE = DicereTests/Info.plist;
				LD_RUNPATH_SEARCH_PATHS = (
					"$(inherited)",
					"@executable_path/Frameworks",
					"@loader_path/Frameworks",
				);
				PRODUCT_BUNDLE_IDENTIFIER = com.FicticiaOfficiumtech.DicereTests;
				PRODUCT_NAME = "$(TARGET_NAME)";
				SWIFT_VERSION = 5.0;
				TARGETED_DEVICE_FAMILY = "1,2";
				TEST_HOST = "$(BUILT_PRODUCTS_DIR)/Dicere.app/Dicere";
			};
			name = Debug;
		};
		F193148D229C5B28006EBD66 /* Release */ = {
			isa = XCBuildConfiguration;
			buildSettings = {
				ALWAYS_EMBED_SWIFT_STANDARD_LIBRARIES = YES;
				BUNDLE_LOADER = "$(TEST_HOST)";
				CODE_SIGN_STYLE = Automatic;
				DEVELOPMENT_TEAM = U2456B5BFZ;
				INFOPLIST_FILE = DicereTests/Info.plist;
				LD_RUNPATH_SEARCH_PATHS = (
					"$(inherited)",
					"@executable_path/Frameworks",
					"@loader_path/Frameworks",
				);
				PRODUCT_BUNDLE_IDENTIFIER = com.FicticiaOfficiumtech.DicereTests;
				PRODUCT_NAME = "$(TARGET_NAME)";
				SWIFT_VERSION = 5.0;
				TARGETED_DEVICE_FAMILY = "1,2";
				TEST_HOST = "$(BUILT_PRODUCTS_DIR)/Dicere.app/Dicere";
			};
			name = Release;
		};
		F193148F229C5B28006EBD66 /* Debug */ = {
			isa = XCBuildConfiguration;
			buildSettings = {
				ALWAYS_EMBED_SWIFT_STANDARD_LIBRARIES = YES;
				CODE_SIGN_STYLE = Automatic;
				DEVELOPMENT_TEAM = U2456B5BFZ;
				INFOPLIST_FILE = DicereUITests/Info.plist;
				LD_RUNPATH_SEARCH_PATHS = (
					"$(inherited)",
					"@executable_path/Frameworks",
					"@loader_path/Frameworks",
				);
				PRODUCT_BUNDLE_IDENTIFIER = com.FicticiaOfficiumtech.DicereUITests;
				PRODUCT_NAME = "$(TARGET_NAME)";
				SWIFT_VERSION = 5.0;
				TARGETED_DEVICE_FAMILY = "1,2";
				TEST_TARGET_NAME = Dicere;
			};
			name = Debug;
		};
		F1931490229C5B28006EBD66 /* Release */ = {
			isa = XCBuildConfiguration;
			buildSettings = {
				ALWAYS_EMBED_SWIFT_STANDARD_LIBRARIES = YES;
				CODE_SIGN_STYLE = Automatic;
				DEVELOPMENT_TEAM = U2456B5BFZ;
				INFOPLIST_FILE = DicereUITests/Info.plist;
				LD_RUNPATH_SEARCH_PATHS = (
					"$(inherited)",
					"@executable_path/Frameworks",
					"@loader_path/Frameworks",
				);
				PRODUCT_BUNDLE_IDENTIFIER = com.FicticiaOfficiumtech.DicereUITests;
				PRODUCT_NAME = "$(TARGET_NAME)";
				SWIFT_VERSION = 5.0;
				TARGETED_DEVICE_FAMILY = "1,2";
				TEST_TARGET_NAME = Dicere;
			};
			name = Release;
		};
/* End XCBuildConfiguration section */

/* Begin XCConfigurationList section */
		F193145B229C5B26006EBD66 /* Build configuration list for PBXProject "Dicere" */ = {
			isa = XCConfigurationList;
			buildConfigurations = (
				F1931486229C5B28006EBD66 /* Debug */,
				F1931487229C5B28006EBD66 /* Release */,
			);
			defaultConfigurationIsVisible = 0;
			defaultConfigurationName = Release;
		};
		F1931488229C5B28006EBD66 /* Build configuration list for PBXNativeTarget "Dicere" */ = {
			isa = XCConfigurationList;
			buildConfigurations = (
				F1931489229C5B28006EBD66 /* Debug */,
				F193148A229C5B28006EBD66 /* Release */,
			);
			defaultConfigurationIsVisible = 0;
			defaultConfigurationName = Release;
		};
		F193148B229C5B28006EBD66 /* Build configuration list for PBXNativeTarget "DicereTests" */ = {
			isa = XCConfigurationList;
			buildConfigurations = (
				F193148C229C5B28006EBD66 /* Debug */,
				F193148D229C5B28006EBD66 /* Release */,
			);
			defaultConfigurationIsVisible = 0;
			defaultConfigurationName = Release;
		};
		F193148E229C5B28006EBD66 /* Build configuration list for PBXNativeTarget "DicereUITests" */ = {
			isa = XCConfigurationList;
			buildConfigurations = (
				F193148F229C5B28006EBD66 /* Debug */,
				F1931490229C5B28006EBD66 /* Release */,
			);
			defaultConfigurationIsVisible = 0;
			defaultConfigurationName = Release;
		};
/* End XCConfigurationList section */
	};
	rootObject = F1931458229C5B26006EBD66 /* Project object */;
}
